{
  "projects": [
    {
      "projectId": "r3ASNrnyvLLLAtDvzUioQ",
      "version": "3.8.0",
      "dependencies": {},
      "lang": "ts",
      "fileLocks": [
        {
          "assetId": "r3ASNrnyvLLLAtDvzUioQ",
          "type": "projectCss",
          "checksum": "7d1dbacf8e8dfb8f835321834e1f308e"
        }
      ],
      "codegenVersion": "0.0.1"
    },
    {
      "projectId": "58GpZjZCWTaJ8AUhpCwt2K",
      "version": "3.8.0",
      "dependencies": {},
      "lang": "ts",
      "fileLocks": [
        {
          "assetId": "58GpZjZCWTaJ8AUhpCwt2K",
          "type": "projectCss",
          "checksum": "dbf25c878cd885da8866557c058b53ff"
        }
      ],
      "codegenVersion": "0.0.1"
    },
    {
      "projectId": "28Ba3BDvRe7EiWdfFNnLB6",
      "version": "2.12.2",
      "dependencies": {},
      "lang": "ts",
      "fileLocks": [
        {
          "assetId": "28Ba3BDvRe7EiWdfFNnLB6",
          "type": "projectCss",
          "checksum": "740650b05472db4e42801b334405144a"
        }
      ],
      "codegenVersion": "0.0.1"
    },
    {
      "projectId": "7nJ7UcFmq9UzB6eXfC5z4a",
      "version": "0.8.0",
      "dependencies": {},
      "lang": "ts",
      "fileLocks": [
        {
          "assetId": "7nJ7UcFmq9UzB6eXfC5z4a",
          "type": "projectCss",
          "checksum": "8cf9dfd353bbaf2b2583e7046e8136fb"
        }
      ],
      "codegenVersion": "0.0.1"
    },
    {
      "projectId": "n7JM2c9rKsJq2MtgHpQAyH",
      "version": "latest",
      "dependencies": {
        "7nJ7UcFmq9UzB6eXfC5z4a": "0.10.0",
        "28Ba3BDvRe7EiWdfFNnLB6": "2.13.0",
        "58GpZjZCWTaJ8AUhpCwt2K": "3.10.0",
        "r3ASNrnyvLLLAtDvzUioQ": "3.9.0"
      },
      "lang": "ts",
      "fileLocks": [
        {
          "type": "globalVariant",
          "assetId": "GYI9F2cGadx1XJ",
          "checksum": "6304f798a220259dca77756f39caa30c"
        },
        {
          "type": "renderModule",
          "assetId": "todkiqyH0YNqx",
          "checksum": "b7ca76c41a9029afee489c415c2b1c72"
        },
        {
          "type": "cssRules",
          "assetId": "todkiqyH0YNqx",
          "checksum": "b7ca76c41a9029afee489c415c2b1c72"
        },
        {
          "type": "renderModule",
          "assetId": "HFQysdji1yD9Yg",
          "checksum": "f9b496ec3a36c94036eec2631832aa47"
        },
        {
          "type": "cssRules",
          "assetId": "HFQysdji1yD9Yg",
          "checksum": "f9b496ec3a36c94036eec2631832aa47"
        },
        {
          "type": "renderModule",
          "assetId": "ZpICpcQ-Op8g4W",
          "checksum": "2b6fd3590bf1a4df5d3b4c1c49f8c20f"
        },
        {
          "type": "cssRules",
          "assetId": "ZpICpcQ-Op8g4W",
          "checksum": "2b6fd3590bf1a4df5d3b4c1c49f8c20f"
        },
        {
          "type": "renderModule",
          "assetId": "X4t29Gq59FX4_C",
          "checksum": "2b8d7ab5ce851778e3989001d202d56a"
        },
        {
          "type": "cssRules",
          "assetId": "X4t29Gq59FX4_C",
          "checksum": "2b8d7ab5ce851778e3989001d202d56a"
        },
        {
          "type": "renderModule",
          "assetId": "7JDui-MpqYJe0K",
          "checksum": "9570bccf0fe2dc03bbceeb9562afbcb5"
        },
        {
          "type": "cssRules",
          "assetId": "7JDui-MpqYJe0K",
          "checksum": "9570bccf0fe2dc03bbceeb9562afbcb5"
        },
        {
          "type": "renderModule",
          "assetId": "yHbgPlkcGh0BHH",
          "checksum": "47292efa9abede5ae77e25932db7e8be"
        },
        {
          "type": "cssRules",
          "assetId": "yHbgPlkcGh0BHH",
          "checksum": "47292efa9abede5ae77e25932db7e8be"
        },
        {
          "type": "renderModule",
          "assetId": "Z870Oe6SL-i7WL",
          "checksum": "978fa4a3ded3c95aed41cd3ba8ca6eb1"
        },
        {
          "type": "cssRules",
          "assetId": "Z870Oe6SL-i7WL",
          "checksum": "978fa4a3ded3c95aed41cd3ba8ca6eb1"
        },
        {
          "type": "renderModule",
          "assetId": "J30BXrN9pl97MP",
          "checksum": "a4c26a0ebd46da1f20e9586a54a6848f"
        },
        {
          "type": "cssRules",
          "assetId": "J30BXrN9pl97MP",
          "checksum": "a4c26a0ebd46da1f20e9586a54a6848f"
        },
        {
          "type": "renderModule",
          "assetId": "J63B-YSPb58LD2",
          "checksum": "2a0027fd0aa06e3cfd9b0ebdbacb1e99"
        },
        {
          "type": "cssRules",
          "assetId": "J63B-YSPb58LD2",
          "checksum": "2a0027fd0aa06e3cfd9b0ebdbacb1e99"
        },
        {
          "type": "renderModule",
          "assetId": "FBQErx2QSmikX_",
          "checksum": "27009d5d7d43d759b474de9e4688f716"
        },
        {
          "type": "cssRules",
          "assetId": "FBQErx2QSmikX_",
          "checksum": "27009d5d7d43d759b474de9e4688f716"
        },
        {
          "type": "renderModule",
          "assetId": "tCH5JDZ8ssllzE",
          "checksum": "f64c1aafde6dfda8bf57e860b88ac719"
        },
        {
          "type": "cssRules",
          "assetId": "tCH5JDZ8ssllzE",
          "checksum": "f64c1aafde6dfda8bf57e860b88ac719"
        },
        {
          "type": "renderModule",
          "assetId": "_ABI8mrd-PhKv4",
          "checksum": "e3418706b996c82dee8cad846b9b2fbc"
        },
        {
          "type": "cssRules",
          "assetId": "_ABI8mrd-PhKv4",
          "checksum": "e3418706b996c82dee8cad846b9b2fbc"
        },
        {
          "type": "renderModule",
          "assetId": "8N_zo1Qx-dPceg",
          "checksum": "e33dc2f3e0ed893cff7f7f0be8941bf2"
        },
        {
          "type": "cssRules",
          "assetId": "8N_zo1Qx-dPceg",
          "checksum": "e33dc2f3e0ed893cff7f7f0be8941bf2"
        },
        {
          "type": "renderModule",
          "assetId": "rrddfpKnfRYK22",
          "checksum": "2e5aec5a7c2900660ace46278f4bb1a0"
        },
        {
          "type": "cssRules",
          "assetId": "rrddfpKnfRYK22",
          "checksum": "2e5aec5a7c2900660ace46278f4bb1a0"
        },
        {
          "type": "renderModule",
          "assetId": "B8Cwqg4a8Fcb0T",
          "checksum": "cc3ae48fcc427e55f0e5472d91fd357c"
        },
        {
          "type": "cssRules",
          "assetId": "B8Cwqg4a8Fcb0T",
          "checksum": "cc3ae48fcc427e55f0e5472d91fd357c"
        },
        {
          "type": "renderModule",
          "assetId": "OjNoZN3A3Qq0l-",
          "checksum": "c6f1b39c25c4e8a65140f2118a813998"
        },
        {
          "type": "cssRules",
          "assetId": "OjNoZN3A3Qq0l-",
          "checksum": "c6f1b39c25c4e8a65140f2118a813998"
        },
        {
          "type": "renderModule",
          "assetId": "Zu3eBY7B1QZ9hx",
          "checksum": "0d05751b7149440260dc47aea53f008c"
        },
        {
          "type": "cssRules",
          "assetId": "Zu3eBY7B1QZ9hx",
          "checksum": "0d05751b7149440260dc47aea53f008c"
        },
        {
          "type": "renderModule",
          "assetId": "SYTrhpX-KYGxRr",
          "checksum": "40a6e8f617adaa56c1b4e9ceeabdcaf0"
        },
        {
          "type": "cssRules",
          "assetId": "SYTrhpX-KYGxRr",
          "checksum": "40a6e8f617adaa56c1b4e9ceeabdcaf0"
        },
        {
          "type": "renderModule",
          "assetId": "GAiHy1uvAVjk52",
          "checksum": "5e6c73fa60c5d979ae8288d98aef4fa4"
        },
        {
          "type": "cssRules",
          "assetId": "GAiHy1uvAVjk52",
          "checksum": "5e6c73fa60c5d979ae8288d98aef4fa4"
        },
        {
          "type": "renderModule",
          "assetId": "VMKJFGTP8r3JmK",
          "checksum": "64a19592db61faa26912c387646c3c8c"
        },
        {
          "type": "cssRules",
          "assetId": "VMKJFGTP8r3JmK",
          "checksum": "64a19592db61faa26912c387646c3c8c"
        },
        {
          "type": "renderModule",
          "assetId": "aZG1o9ts_1BbAO",
          "checksum": "67eea398e988f00f832d1e1af1da8ad1"
        },
        {
          "type": "cssRules",
          "assetId": "aZG1o9ts_1BbAO",
          "checksum": "67eea398e988f00f832d1e1af1da8ad1"
        },
        {
          "type": "renderModule",
          "assetId": "mLK_azlaN8t68r",
          "checksum": "b2e1c6792c1a7d432535279326b5ea1f"
        },
        {
          "type": "cssRules",
          "assetId": "mLK_azlaN8t68r",
          "checksum": "b2e1c6792c1a7d432535279326b5ea1f"
        },
        {
          "type": "icon",
          "assetId": "ygnpRbGipc6tPF",
          "checksum": "a982c372ed71a78578bf5e8e92ef1d17"
        },
        {
          "type": "icon",
          "assetId": "Eg0Wi1P4Mcw9OO",
          "checksum": "3958be8a2f61cc54c781fae77a96fc3c"
        },
        {
          "type": "icon",
          "assetId": "21ZYLfZ9UXFykz",
          "checksum": "33e15fc278b44b93452abc07f2d4983f"
        },
        {
          "type": "icon",
          "assetId": "pZuCwDTos4GkpR",
          "checksum": "ab5895ba5b40a7b89a6855f51b189e45"
        },
        {
          "type": "icon",
          "assetId": "rBQhRBJQF_m04k",
          "checksum": "5578f76b5fc908e18d51b0d21c40c633"
        },
        {
          "type": "icon",
          "assetId": "v8r7vHW-ymaMxE",
          "checksum": "91e56d5f837c8141cb79928a9615cfb7"
        },
        {
          "type": "icon",
          "assetId": "rhVRhNIzkItut8",
          "checksum": "fcdf4fe33c416932d2bbfc3b8615edd5"
        },
        {
          "type": "icon",
          "assetId": "DlYNhYJ3qngorz",
          "checksum": "09a6090ee98d11d2259529a66972caad"
        },
        {
          "type": "icon",
          "assetId": "Ev10HbsMmzcnLv",
          "checksum": "c3527cefec10d2032cc71d0a917dae4f"
        },
        {
          "type": "icon",
          "assetId": "NwVTNKm1flGQxP",
          "checksum": "3e3a5581870d281b3d24df15a9931030"
        },
        {
          "type": "icon",
          "assetId": "eLp9R4-9uwAYEK",
          "checksum": "46dae933624bb03491d8e56382606123"
        },
        {
          "type": "icon",
          "assetId": "CgViYOXAdpLNX7",
          "checksum": "629c856d8278e577d85c989802d31a04"
        },
        {
          "type": "icon",
          "assetId": "7LvzsCiAUcDUvY",
          "checksum": "f89ac1e34c409d47dfa73de6ff768891"
        },
        {
          "type": "image",
          "assetId": "WUpj5U4T6N86YD",
          "checksum": "dcec1432b9b585c3e1ef83cefcf7ac88"
        },
        {
          "type": "image",
          "assetId": "0RRA0-zFryaPDC",
          "checksum": "2507292d864535bc81db04e31f227587"
        },
        {
          "type": "image",
          "assetId": "5gRIf6rnUKXbOH",
          "checksum": "7a6c7e5460e580e3f5343b2e26f2f0e6"
        },
        {
          "type": "image",
          "assetId": "DTWd87FRLyZ6UH",
          "checksum": "018d8aa4b2dd0346e3ef203fb8a487dd"
        },
        {
          "type": "image",
          "assetId": "I7FQOqJlgt4wDP",
          "checksum": "c95482f3513dc30be1f6e457a6569d87"
        },
        {
          "type": "image",
          "assetId": "JvrwRfX70kEQGZ",
          "checksum": "37d07fa2ed7141ec11929de45871cab8"
        },
        {
          "type": "image",
          "assetId": "UlAeISAKCNrHkD",
          "checksum": "c0c9d3df9c25e02cf1411154670a85a8"
        },
        {
          "type": "image",
          "assetId": "o_HpNWFtmBgXD1",
          "checksum": "18ef2271461197d50d4be11a37886551"
        },
        {
          "type": "image",
          "assetId": "qTgW4Bcf0hEuud",
          "checksum": "828770e7f75e04fa3771a54b9d82e892"
        },
        {
          "type": "image",
          "assetId": "oO0dSpamZ__0eP",
          "checksum": "1f186df3566d8905fa28335a6096a6fd"
        },
        {
          "type": "image",
          "assetId": "ScQ7M8yNBWgn81",
          "checksum": "38b355f9ea81675d318a2d9b4bc6ef6f"
        },
        {
          "type": "image",
          "assetId": "2kI349Tcn0qAMZ",
          "checksum": "126199fcba67bd9f480a344e441d0949"
        },
        {
          "type": "image",
          "assetId": "aPAMURzFSD5y-o",
          "checksum": "1ed896ebabeb9719310a88a9366910d8"
        },
        {
          "type": "image",
          "assetId": "hgVkWna4Y_yjwz",
          "checksum": "c304865882644538d2b53e2b12fd3db7"
        },
        {
          "type": "image",
          "assetId": "Ek0t2IbeKlp7GC",
          "checksum": "a72b19eb4d73d29ffa2b5ecde8075e10"
        },
        {
          "type": "image",
          "assetId": "Mfdz5r3eW14J4D",
          "checksum": "3e8e4d648ad714a7ae9e4e71d742656c"
        },
        {
          "type": "image",
          "assetId": "PTT-nC06ePMgvT",
          "checksum": "4beef0c04997456c0c23585abb3bc7bd"
        },
        {
          "type": "image",
          "assetId": "K77K9Hi618J0Ck",
          "checksum": "5f853f056ce629408056806a6af6c4cd"
        },
        {
          "type": "image",
          "assetId": "DQ4bIaLnGVULX2",
          "checksum": "67b823634947d1d7b10c0a15a7a31a9a"
        },
        {
          "type": "image",
          "assetId": "PiZMZIOOuCOf6W",
          "checksum": "f02a6e464843878d7e9b0d53d27ac229"
        },
        {
          "type": "image",
          "assetId": "Kp0jXCvmADNqc_",
          "checksum": "32ead33863507ea3a6cf2b2d1a8f897b"
        },
        {
          "type": "image",
          "assetId": "OZNkuZf699w-A2",
          "checksum": "b71d81171674b0a0466822536032a549"
        },
        {
          "type": "image",
          "assetId": "bfdBGTBLwO78K6",
          "checksum": "349fef601e65c77723099db9b7fa591e"
        },
        {
          "type": "image",
          "assetId": "MUgyGLFGAjqIUw",
          "checksum": "e30f480e8b856edd8154f09c943b6ef2"
        },
        {
          "type": "image",
          "assetId": "bUvxglaHbkMDCe",
          "checksum": "18683f1eaab7fef522fd27fc83323179"
        },
        {
          "type": "image",
          "assetId": "1VEN9-D9JoBomE",
          "checksum": "bb4b580a8c3dc800acb7abb380c99205"
        },
        {
          "type": "image",
          "assetId": "htHzLEXRWY3eck",
          "checksum": "08bac25227017a8023d4b11c6fa73ead"
        },
        {
          "type": "image",
          "assetId": "ujX6WHASUOKapS",
          "checksum": "47c627b6b5258056804a10f7cc2e84b9"
        },
        {
          "type": "image",
          "assetId": "nF6xKwmgxeZq-Z",
          "checksum": "4e3ac281ba96469d86ffcfe4ddac686e"
        },
        {
          "type": "image",
          "assetId": "dgsATlRcwE2YMl",
          "checksum": "6ec75e3ec25775ae657d702899a7f4b1"
        },
        {
          "type": "image",
          "assetId": "gKO9EjozMyt-pd",
          "checksum": "e4e88c4493984b7833c066d21347ec61"
        },
        {
          "type": "image",
          "assetId": "ulMulcJIwfLgtD",
          "checksum": "e74f3cb478e0855f8d131770cd95b95b"
        },
        {
          "type": "image",
          "assetId": "XhT7vt-KlUQxE5",
          "checksum": "afac2b1c94499ae9eb0a680c06fa5908"
        },
        {
          "type": "image",
          "assetId": "Dqvut8nAl-7TVz",
          "checksum": "d45c0a53bc75006550a7522a9a764aeb"
        },
        {
          "type": "image",
          "assetId": "NGA_Z-FqVP-iG3",
          "checksum": "96463e3f8cc24ab43a39514004fb887d"
        },
        {
          "type": "image",
          "assetId": "U6fzCLXryo0mAq",
          "checksum": "7ed83a6e5e517cc3df2617d2d52e5c9a"
        },
        {
          "type": "image",
          "assetId": "mCczJKcGmsFgJN",
          "checksum": "880b70278fdfc871f7cb1d261047b8df"
        },
        {
          "type": "image",
          "assetId": "omGCB_iJQRKlVx",
          "checksum": "f9bc736b39860c1a47dddff2744bc439"
        },
        {
          "type": "image",
          "assetId": "OUqtzJhkIip_Kw",
          "checksum": "89035b4baa4e071a1528e2ce579981c2"
        },
        {
          "type": "image",
          "assetId": "xQrJAlYHBjSmv1",
          "checksum": "abd68875f5fd25dd6877cd4f51f9b622"
        },
        {
          "type": "image",
          "assetId": "7JUueBlYmFzPna",
          "checksum": "6c919e5b3362945fdf482926afe4aa27"
        },
        {
          "type": "image",
          "assetId": "txtEl0IlElzbZE",
          "checksum": "3714b159776318c5784c78c2e37b3fd4"
        },
        {
          "type": "image",
          "assetId": "Lt5E0WRF6ELQzz",
          "checksum": "c4cdaaf49ce2e9035e3fff5cde4ff995"
        },
        {
          "type": "image",
          "assetId": "FkSlTWjr6Y36he",
          "checksum": "96fb8711651a8b5300b727e413a5e119"
        },
        {
          "type": "image",
          "assetId": "fwdgb8EXj7IQMp",
          "checksum": "be480e9757e24f51e208c890e7cd31ce"
        },
        {
          "type": "image",
          "assetId": "AHzc2RTCqcJZ0P",
          "checksum": "92667b038e302b097563611d4e2a0a3f"
        },
        {
          "type": "image",
          "assetId": "6ILGaHuHWTfnEr",
          "checksum": "5c2b2df7735fc4125874b30ca3e989f9"
        },
        {
          "type": "image",
          "assetId": "GcZafQCeBEH32Y",
          "checksum": "c0d78596aec821707a580fbc383ebafb"
        },
        {
          "type": "image",
          "assetId": "It-sLN7okq9d1G",
          "checksum": "ca7ddb3b2634c8ad4c2b889e7ec72c86"
        },
        {
          "type": "image",
          "assetId": "COAYzquvm22922",
          "checksum": "14582f66e7a55b373930be18913a2f44"
        },
        {
          "type": "image",
          "assetId": "l8zU0VxZo2yS1Y",
          "checksum": "83bf608f48df730a28a8ff40ca14b9fb"
        },
        {
          "type": "image",
          "assetId": "sBeoAIw0y4w_Dq",
          "checksum": "2bf32181058d611f60cc60716685ed07"
        },
        {
          "type": "image",
          "assetId": "tP5_XxT58lrI_s",
          "checksum": "be4876a9e7f132760606c7ac90e84717"
        },
        {
          "type": "image",
          "assetId": "93_BXjvRMIK1E6",
          "checksum": "f50760590a80cd413b526b0998e039eb"
        },
        {
          "type": "image",
          "assetId": "qUQFxsJDC98Lon",
          "checksum": "82ad3db5d2fad3a3d415feb18d46df84"
        },
        {
          "type": "image",
          "assetId": "WQS1qRj6ki2lar",
          "checksum": "5fb97f062e7c890ac9bf093eb981ef65"
        },
        {
          "type": "image",
          "assetId": "GWDNg1diRuOYa4",
          "checksum": "e3b222398facd32190d63ba2b7f7cbb4"
        },
        {
          "type": "image",
          "assetId": "iN2v2dKK7QN3Um",
          "checksum": "ed4ac68c31cd6888529f5d60207f2d2f"
        },
        {
          "type": "image",
          "assetId": "ekMgwDrEmqPnVl",
          "checksum": "085c849099a046cfedd28ae862a4e7da"
        },
        {
          "type": "image",
          "assetId": "9q0AtDQSr7Crgp",
          "checksum": "27800d8456527667613fa803653b1bf4"
        },
        {
          "type": "image",
          "assetId": "AUDIdOwT2Basf6",
          "checksum": "9cd903bbb5346868e73fc40d26f68754"
        },
        {
          "type": "image",
          "assetId": "UG1bwhSfJNQq8S",
          "checksum": "14d7c5aaf36d597fffc4b04d767e4939"
        },
        {
          "type": "image",
          "assetId": "1Y5ub2E04Ed6dt",
          "checksum": "f3bfb8cb03ea84687a5c019230b22e71"
        },
        {
          "type": "image",
          "assetId": "wHhW_jCT8ymIII",
          "checksum": "cc69f4a64f2ba454aa5c1e55fb51c200"
        },
        {
          "type": "image",
          "assetId": "Y8fFQqU8fJG0g6",
          "checksum": "0c1114617397ae8284a1915bbb78251f"
        },
        {
          "type": "image",
          "assetId": "ltG8Q7ueWxCJgG",
          "checksum": "fc1246d0dbd01c811a438f8919f844b2"
        },
        {
          "type": "image",
          "assetId": "SiqwPLQkD_Rd-k",
          "checksum": "23554ea253a87a0a26b8290991191a92"
        },
        {
          "type": "image",
          "assetId": "nuM47kTPlKseig",
          "checksum": "31e4428b2b125a5a7bec65c6faa15100"
        },
        {
          "type": "image",
          "assetId": "1CRfuyp5mIHqkA",
          "checksum": "cb3600b1f91b0d17adbecd22356fb330"
        },
        {
          "type": "image",
          "assetId": "3NgBo4e1JvuqFL",
          "checksum": "2da7f14d3cb63b33d907e4c225146b66"
        },
        {
          "type": "image",
          "assetId": "Y86p5G-vYMSLxO",
          "checksum": "f25758df43555ff7854758243aabfb76"
        },
        {
          "type": "image",
          "assetId": "ksPxbXlEGpu2g9",
          "checksum": "21b818b163c7b561ee25775b5bbbbaba"
        },
        {
          "type": "image",
          "assetId": "CjmY1zxzvd1HP0",
          "checksum": "181a8a39f5e203c76141fbcb4b6023f0"
        },
        {
          "type": "image",
          "assetId": "bP6CZZj82a_0R-",
          "checksum": "7f5177b7e773ad5fb6ee36801f560c5e"
        },
        {
          "type": "image",
          "assetId": "bUSWhsNFG1lkqW",
          "checksum": "e04b0d9e5bd10487a0fd4fb71fad0d2c"
        },
        {
          "type": "image",
          "assetId": "tuXOFBzO2VxKrT",
          "checksum": "2066ecd130b674b7f6ad6aff68015283"
        },
        {
          "type": "image",
          "assetId": "qgGvOOwrsMbMep",
          "checksum": "3cee122c88b7c90eb985917351683dee"
        },
        {
          "type": "image",
          "assetId": "e2TDVswlkD_tvx",
          "checksum": "609ae0f983328163bec5d30a7acd192c"
        },
        {
          "type": "image",
          "assetId": "t7GJ39RMpT3En-",
          "checksum": "2366e1fcf17310deffc03b75ab5c244b"
        },
        {
          "type": "image",
          "assetId": "gXJjx3mtwN9pI2",
          "checksum": "0d977298244a48d7f11637f01987f5cc"
        },
        {
          "type": "image",
          "assetId": "uawypwM1w4VZmj",
          "checksum": "bbec35d49ce1c9ffbac64d9c6ee15303"
        },
        {
          "type": "image",
          "assetId": "byeibGQ8G67E1n",
          "checksum": "6670a350f0f90de05ce784645ef4f52e"
        },
        {
          "type": "image",
          "assetId": "_XvgBWhlEOT0-S",
          "checksum": "103a7bad6ed777c6a6fbf051e035c53e"
        },
        {
          "type": "image",
          "assetId": "Z_Yqus3g1qFGPB",
          "checksum": "f19d57ea48408b46349e23ed6ccf4e40"
        },
        {
          "type": "image",
          "assetId": "RbneWy5qScukRp",
          "checksum": "1c33ecfa71dc8fb2a2e1b8a2fc65fbbb"
        },
        {
          "type": "image",
          "assetId": "DAskffBPs9Rxkc",
          "checksum": "fb5dc76ec88c5763a43d654b32cd82ab"
        },
        {
          "type": "image",
          "assetId": "J2DWl61M86M9Uw",
          "checksum": "905c7ef8a8acb255ec572a3f1d7ea018"
        },
        {
          "type": "image",
          "assetId": "nlb8DfDZx2A6-k",
          "checksum": "cd4308038a758d363279424eab709309"
        },
        {
          "type": "image",
          "assetId": "mFnF2S5wtZkGNj",
          "checksum": "6446648401dc4f4e6fb5f6f0cb790ad9"
        },
        {
          "type": "image",
          "assetId": "Tipp0rOgXDc-m9",
          "checksum": "9d7d4355982b40a12cab4f828dac8555"
        },
        {
          "type": "image",
          "assetId": "uzk7yKwGWzKmxZ",
          "checksum": "6b63fc1d5593a4c46cc18b6ab199de14"
        },
        {
          "type": "image",
          "assetId": "c6eNif3LkciWOf",
          "checksum": "e388e479fdbf7ae93f0a4641bdbeb05c"
        },
        {
          "type": "image",
          "assetId": "Pm7-s1piDK_G9S",
          "checksum": "3e30746f04b7ff6eb57129bf8396c824"
        },
        {
          "type": "image",
          "assetId": "Pk0jXNaRCRg8W8",
          "checksum": "0937988b9810908b4ec7771a3aca613f"
        },
        {
          "type": "image",
          "assetId": "abSHWsOckNa2AR",
          "checksum": "908379891fde1cee27a2c63728add80a"
        },
        {
          "type": "image",
          "assetId": "dws1SyDT3Ob_EQ",
          "checksum": "fd01a0f58f5c2949bdd0df63d6ca81da"
        },
        {
          "type": "image",
          "assetId": "9i9yP9Esocdekm",
          "checksum": "f34c5b7ac5762b159c9082b752bdf43e"
        },
        {
          "type": "image",
          "assetId": "5HZk_f2GEs0e9r",
          "checksum": "d4f71d7a964885d97c3feec2f5cdbf89"
        },
        {
          "type": "image",
          "assetId": "U-4DMVdtndhSv7",
          "checksum": "e48dec13ee286307a4bce6506ccf1c2b"
        },
        {
          "type": "image",
          "assetId": "QgIdYgA06rfOpW",
          "checksum": "a2195090847e5e0967d54c59e203f574"
        },
        {
          "type": "image",
          "assetId": "I-n4adkQKHVlv5",
          "checksum": "75da238c1e43f8ff919214a8d070d375"
        },
        {
          "type": "image",
          "assetId": "DNNttGNXvC879m",
          "checksum": "a7cad691490e603866b8e0f8d7d25526"
        },
        {
          "type": "image",
          "assetId": "83U-Mbbj_YrDcE",
          "checksum": "b45996e9352bca7f079b66845dfe654f"
        },
        {
          "type": "image",
          "assetId": "yW0VrqAfWrTjIw",
          "checksum": "3e2d159c112c48cfcd4a5fd0d6efe5f5"
        },
        {
          "type": "image",
          "assetId": "hO5BaTvQinMagA",
          "checksum": "1da1d0bc0e619a4b1ac0292901b92ea0"
        },
        {
          "type": "image",
          "assetId": "r1_QCngqMc9HqG",
          "checksum": "d94db332bdee93a398abb044bd5f1739"
        },
        {
          "type": "image",
          "assetId": "LvyZvsP3fbiQJr",
          "checksum": "5a8ebf51058de050565906125d1c24ed"
        },
        {
          "type": "image",
          "assetId": "ImzTFZT8D35j0S",
          "checksum": "ff4b3bc4f42df06ffd107cfbc5f9ac78"
        },
        {
          "type": "image",
          "assetId": "YjpOTXjTM-zvTv",
          "checksum": "50e5ea5c94f31775eed8e303c58a8c2c"
        },
        {
          "type": "image",
          "assetId": "PC553By5V5EXHQ",
          "checksum": "9ecb27a4772ee0e5f8658f92762cad82"
        },
        {
          "type": "image",
          "assetId": "goM1PbN32uKqVf",
          "checksum": "7004f71aa41f3362a64303e8f74a56e1"
        },
        {
          "type": "image",
          "assetId": "WToC8_5QPZYT7r",
          "checksum": "bea3fb1b02746367c040ee914b63f27d"
        },
        {
          "type": "image",
          "assetId": "BO1nwYI23oLgdn",
          "checksum": "1068cc40666deab2894ad803a1bb6695"
        },
        {
          "type": "image",
          "assetId": "9TuKiFRPpNMECJ",
          "checksum": "9a76f8c26a00d092a1fdcb154273b256"
        },
        {
          "type": "image",
          "assetId": "W6piB1eyHKMfx1",
          "checksum": "598d9052f44ee490655e624779c90cd1"
        },
        {
          "type": "image",
          "assetId": "SfY5pOiCTJy1LZ",
          "checksum": "03d29749158ef6fa1aa5847fd83157de"
        },
        {
          "type": "image",
          "assetId": "Ua7ISPOhVqdD8N",
          "checksum": "77b7ccab88da0e7f72f616449b40257a"
        },
        {
          "type": "image",
          "assetId": "tQXwed72y_vMhi",
          "checksum": "e11ab8e7846851255e65c528429ccdf0"
        },
        {
          "type": "image",
          "assetId": "EgHR6cfLRe-ktQ",
          "checksum": "f1374b737ebe43c75b8c2f450cc86c81"
        },
        {
          "type": "image",
          "assetId": "wGJRKnFVOzCJI8",
          "checksum": "16c9703411638481ae09d48f0adf84f7"
        },
        {
          "type": "image",
          "assetId": "Q3Lsx7GksnNN1g",
          "checksum": "192c468fa2aedd1a23b06730f66c8069"
        },
        {
          "type": "image",
          "assetId": "MVC2rMleKXbTZ-",
          "checksum": "3ee03c76d54b6e52a8ceaff384ca04df"
        },
        {
          "type": "image",
          "assetId": "qMLGdBJQ3ifX1I",
          "checksum": "399820e54171518da6c6ed45fa395269"
        },
        {
          "type": "image",
          "assetId": "RluXP6Pr9rHQMA",
          "checksum": "fea061dd685f221ef681d3baf05677d1"
        },
        {
          "type": "image",
          "assetId": "HWMDoD4m1-Vp90",
          "checksum": "63cc426f814e9136a8df1ab9f36d3079"
        },
        {
          "type": "image",
          "assetId": "n08qbfyP4mvYq-",
          "checksum": "724a932d53d1a42aea4c69ae5bc78300"
        },
        {
          "type": "image",
          "assetId": "xJSqeNzPriyB-T",
          "checksum": "26f3c66ac6482c9e810f5c06a86b45e8"
        },
        {
          "type": "image",
          "assetId": "rD-fxBjCOFb3T9",
          "checksum": "824c060c73336ee140649864359319d9"
        },
        {
          "type": "image",
          "assetId": "nqMrIJHOaxBJZN",
          "checksum": "ed134b42b58b6d308af791e93a8b3404"
        },
        {
          "type": "image",
          "assetId": "-cHl1yXwRVzCpB",
          "checksum": "4a277f7a70357e1b28d0cf93c2ec2775"
        },
        {
          "type": "image",
          "assetId": "lD3uTZJ0-g2LCM",
          "checksum": "6f7031108720af75ce165209537d6da0"
        },
        {
          "type": "image",
          "assetId": "ymglJ9DdJ",
          "checksum": "73f35ddd45b4702e17dccf81ed6b304f"
        },
        {
          "assetId": "n7JM2c9rKsJq2MtgHpQAyH",
          "type": "projectCss",
          "checksum": "5eaedeba19dfe8e724e84f7ae81ce105"
        }
      ],
      "codegenVersion": "0.0.1"
    }
  ],
  "cliVersion": "0.1.211"
}
